{
  "object": {
    "pins": [
      {
        "package": "Expressions",
        "repositoryURL": "https://github.com/elegantchaos/Expressions.git",
        "state": {
          "branch": null,
          "revision": "d821e7c75e31fddb8158d8dac578a6ba200c9f36",
          "version": "1.0.0"
        }
      },
      {
        "package": "Files",
        "repositoryURL": "https://github.com/elegantchaos/Files.git",
        "state": {
          "branch": null,
          "revision": "fb3252dc942744566af0e63c1a1e8697f821dda6",
          "version": "1.0.5"
        }
      }
    ]
  },
  "version": 1
}
